
Microsoft Visual Studio Solution File, Format Version 12.00
# Visual Studio Version 16
VisualStudioVersion = 16.0.32228.343
MinimumVisualStudioVersion = 10.0.40219.1
Project("{FAE04EC0-301F-11D3-BF4B-00C04F79EFBC}") = "BussinessLogicLayer_BLL", "BussinessLogicLayer_BLL\BussinessLogicLayer_BLL.csproj", "{4B138C80-3B75-49ED-8BA8-9C258B92CA10}"
EndProject
Project("{FAE04EC0-301F-11D3-BF4B-00C04F79EFBC}") = "DataAccessLayer_DAL", "DataAccessLayer_DAL\DataAccessLayer_DAL.csproj", "{613EA54F-F4A5-4DAE-8652-4DE7A6600785}"
EndProject
Project("{FAE04EC0-301F-11D3-BF4B-00C04F79EFBC}") = "PresentationLayer_GUI", "PresentationLayer_GUI\PresentationLayer_GUI.csproj", "{268BC519-7744-40D8-916F-C2D5277DD723}"
EndProject
Global
	GlobalSection(SolutionConfigurationPlatforms) = preSolution
		Debug|Any CPU = Debug|Any CPU
		Release|Any CPU = Release|Any CPU
	EndGlobalSection
	GlobalSection(ProjectConfigurationPlatforms) = postSolution
		{4B138C80-3B75-49ED-8BA8-9C258B92CA10}.Debug|Any CPU.ActiveCfg = Debug|Any CPU
		{4B138C80-3B75-49ED-8BA8-9C258B92CA10}.Debug|Any CPU.Build.0 = Debug|Any CPU
		{4B138C80-3B75-49ED-8BA8-9C258B92CA10}.Release|Any CPU.ActiveCfg = Release|Any CPU
		{4B138C80-3B75-49ED-8BA8-9C258B92CA10}.Release|Any CPU.Build.0 = Release|Any CPU
		{613EA54F-F4A5-4DAE-8652-4DE7A6600785}.Debug|Any CPU.ActiveCfg = Debug|Any CPU
		{613EA54F-F4A5-4DAE-8652-4DE7A6600785}.Debug|Any CPU.Build.0 = Debug|Any CPU
		{613EA54F-F4A5-4DAE-8652-4DE7A6600785}.Release|Any CPU.ActiveCfg = Release|Any CPU
		{613EA54F-F4A5-4DAE-8652-4DE7A6600785}.Release|Any CPU.Build.0 = Release|Any CPU
		{268BC519-7744-40D8-916F-C2D5277DD723}.Debug|Any CPU.ActiveCfg = Debug|Any CPU
		{268BC519-7744-40D8-916F-C2D5277DD723}.Debug|Any CPU.Build.0 = Debug|Any CPU
		{268BC519-7744-40D8-916F-C2D5277DD723}.Release|Any CPU.ActiveCfg = Release|Any CPU
		{268BC519-7744-40D8-916F-C2D5277DD723}.Release|Any CPU.Build.0 = Release|Any CPU
	EndGlobalSection
	GlobalSection(SolutionProperties) = preSolution
		HideSolutionNode = FALSE
	EndGlobalSection
	GlobalSection(ExtensibilityGlobals) = postSolution
		SolutionGuid = {18E5726C-398D-4D89-8B7A-FFDEF422D227}
	EndGlobalSection
EndGlobal
